// !$*UTF8*$!
{
	archiveVersion = 1;
	classes = {
	};
	objectVersion = 46;
	objects = {

/* Begin PBXBuildFile section */
		630099881E9CD8F500F86298 /* thirdViewController.m in Sources */ = {isa = PBXBuildFile; fileRef = 630099871E9CD8F500F86298 /* thirdViewController.m */; };
		6300998B1E9CE42000F86298 /* bookTableCell.m in Sources */ = {isa = PBXBuildFile; fileRef = 6300998A1E9CE42000F86298 /* bookTableCell.m */; };
		6300998E1E9CF3FD00F86298 /* fourthViewController.m in Sources */ = {isa = PBXBuildFile; fileRef = 6300998D1E9CF3FD00F86298 /* fourthViewController.m */; };
		63BC32AD1E97611E00594E42 /* main.m in Sources */ = {isa = PBXBuildFile; fileRef = 63BC32AC1E97611E00594E42 /* main.m */; };
		63BC32B01E97611E00594E42 /* AppDelegate.m in Sources */ = {isa = PBXBuildFile; fileRef = 63BC32AF1E97611E00594E42 /* AppDelegate.m */; };
		63BC32B31E97611F00594E42 /* ViewController.m in Sources */ = {isa = PBXBuildFile; fileRef = 63BC32B21E97611F00594E42 /* ViewController.m */; };
		63BC32B61E97612000594E42 /* Main.storyboard in Resources */ = {isa = PBXBuildFile; fileRef = 63BC32B41E97612000594E42 /* Main.storyboard */; };
		63BC32B81E97612000594E42 /* Assets.xcassets in Resources */ = {isa = PBXBuildFile; fileRef = 63BC32B71E97612000594E42 /* Assets.xcassets */; };
		63BC32BB1E97612100594E42 /* LaunchScreen.storyboard in Resources */ = {isa = PBXBuildFile; fileRef = 63BC32B91E97612100594E42 /* LaunchScreen.storyboard */; };
		63BC32C41E9761FD00594E42 /* libsqlite3.0.tbd in Frameworks */ = {isa = PBXBuildFile; fileRef = 63BC32C31E9761FD00594E42 /* libsqlite3.0.tbd */; };
		63BC32C71E97622700594E42 /* DatabaseLib.m in Sources */ = {isa = PBXBuildFile; fileRef = 63BC32C61E97622700594E42 /* DatabaseLib.m */; };
		63BC32CA1E976A0700594E42 /* secondViewController.m in Sources */ = {isa = PBXBuildFile; fileRef = 63BC32C91E976A0700594E42 /* secondViewController.m */; };
		63BC32CD1E97889C00594E42 /* myTableCell.m in Sources */ = {isa = PBXBuildFile; fileRef = 63BC32CC1E97889C00594E42 /* myTableCell.m */; };
		6B5BE32E1E9B90A900B68D11 /* firstViewController.m in Sources */ = {isa = PBXBuildFile; fileRef = 6B5BE32D1E9B90A900B68D11 /* firstViewController.m */; };
/* End PBXBuildFile section */

/* Begin PBXFileReference section */
		630099861E9CD8F500F86298 /* thirdViewController.h */ = {isa = PBXFileReference; fileEncoding = 4; lastKnownFileType = sourcecode.c.h; path = thirdViewController.h; sourceTree = "<group>"; };
		630099871E9CD8F500F86298 /* thirdViewController.m */ = {isa = PBXFileReference; fileEncoding = 4; lastKnownFileType = sourcecode.c.objc; path = thirdViewController.m; sourceTree = "<group>"; };
		630099891E9CE42000F86298 /* bookTableCell.h */ = {isa = PBXFileReference; fileEncoding = 4; lastKnownFileType = sourcecode.c.h; path = bookTableCell.h; sourceTree = "<group>"; };
		6300998A1E9CE42000F86298 /* bookTableCell.m */ = {isa = PBXFileReference; fileEncoding = 4; lastKnownFileType = sourcecode.c.objc; path = bookTableCell.m; sourceTree = "<group>"; };
		6300998C1E9CF3FD00F86298 /* fourthViewController.h */ = {isa = PBXFileReference; fileEncoding = 4; lastKnownFileType = sourcecode.c.h; path = fourthViewController.h; sourceTree = "<group>"; };
		6300998D1E9CF3FD00F86298 /* fourthViewController.m */ = {isa = PBXFileReference; fileEncoding = 4; lastKnownFileType = sourcecode.c.objc; path = fourthViewController.m; sourceTree = "<group>"; };
		63BC32A81E97611E00594E42 /* TravelCompany.app */ = {isa = PBXFileReference; explicitFileType = wrapper.application; includeInIndex = 0; path = TravelCompany.app; sourceTree = BUILT_PRODUCTS_DIR; };
		63BC32AC1E97611E00594E42 /* main.m */ = {isa = PBXFileReference; lastKnownFileType = sourcecode.c.objc; path = main.m; sourceTree = "<group>"; };
		63BC32AE1E97611E00594E42 /* AppDelegate.h */ = {isa = PBXFileReference; lastKnownFileType = sourcecode.c.h; path = AppDelegate.h; sourceTree = "<group>"; };
		63BC32AF1E97611E00594E42 /* AppDelegate.m */ = {isa = PBXFileReference; lastKnownFileType = sourcecode.c.objc; path = AppDelegate.m; sourceTree = "<group>"; };
		63BC32B11E97611F00594E42 /* ViewController.h */ = {isa = PBXFileReference; lastKnownFileType = sourcecode.c.h; path = ViewController.h; sourceTree = "<group>"; };
		63BC32B21E97611F00594E42 /* ViewController.m */ = {isa = PBXFileReference; lastKnownFileType = sourcecode.c.objc; path = ViewController.m; sourceTree = "<group>"; };
		63BC32B51E97612000594E42 /* Base */ = {isa = PBXFileReference; lastKnownFileType = file.storyboard; name = Base; path = Base.lproj/Main.storyboard; sourceTree = "<group>"; };
		63BC32B71E97612000594E42 /* Assets.xcassets */ = {isa = PBXFileReference; lastKnownFileType = folder.assetcatalog; path = Assets.xcassets; sourceTree = "<group>"; };
		63BC32BA1E97612100594E42 /* Base */ = {isa = PBXFileReference; lastKnownFileType = file.storyboard; name = Base; path = Base.lproj/LaunchScreen.storyboard; sourceTree = "<group>"; };
		63BC32BC1E97612100594E42 /* Info.plist */ = {isa = PBXFileReference; lastKnownFileType = text.plist.xml; path = Info.plist; sourceTree = "<group>"; };
		63BC32C31E9761FD00594E42 /* libsqlite3.0.tbd */ = {isa = PBXFileReference; lastKnownFileType = "sourcecode.text-based-dylib-definition"; name = libsqlite3.0.tbd; path = usr/lib/libsqlite3.0.tbd; sourceTree = SDKROOT; };
		63BC32C51E97622700594E42 /* DatabaseLib.h */ = {isa = PBXFileReference; fileEncoding = 4; lastKnownFileType = sourcecode.c.h; path = DatabaseLib.h; sourceTree = "<group>"; };
		63BC32C61E97622700594E42 /* DatabaseLib.m */ = {isa = PBXFileReference; fileEncoding = 4; lastKnownFileType = sourcecode.c.objc; path = DatabaseLib.m; sourceTree = "<group>"; };
		63BC32C81E976A0700594E42 /* secondViewController.h */ = {isa = PBXFileReference; fileEncoding = 4; lastKnownFileType = sourcecode.c.h; path = secondViewController.h; sourceTree = "<group>"; };
		63BC32C91E976A0700594E42 /* secondViewController.m */ = {isa = PBXFileReference; fileEncoding = 4; lastKnownFileType = sourcecode.c.objc; path = secondViewController.m; sourceTree = "<group>"; };
		63BC32CB1E97889C00594E42 /* myTableCell.h */ = {isa = PBXFileReference; fileEncoding = 4; lastKnownFileType = sourcecode.c.h; path = myTableCell.h; sourceTree = "<group>"; };
		63BC32CC1E97889C00594E42 /* myTableCell.m */ = {isa = PBXFileReference; fileEncoding = 4; lastKnownFileType = sourcecode.c.objc; path = myTableCell.m; sourceTree = "<group>"; };
		6B5BE32C1E9B90A900B68D11 /* firstViewController.h */ = {isa = PBXFileReference; fileEncoding = 4; lastKnownFileType = sourcecode.c.h; path = firstViewController.h; sourceTree = "<group>"; };
		6B5BE32D1E9B90A900B68D11 /* firstViewController.m */ = {isa = PBXFileReference; fileEncoding = 4; lastKnownFileType = sourcecode.c.objc; path = firstViewController.m; sourceTree = "<group>"; };
/* End PBXFileReference section */

/* Begin PBXFrameworksBuildPhase section */
		63BC32A51E97611D00594E42 /* Frameworks */ = {
			isa = PBXFrameworksBuildPhase;
			buildActionMask = 2147483647;
			files = (
				63BC32C41E9761FD00594E42 /* libsqlite3.0.tbd in Frameworks */,
			);
			runOnlyForDeploymentPostprocessing = 0;
		};
/* End PBXFrameworksBuildPhase section */

/* Begin PBXGroup section */
		63BC329F1E97611B00594E42 = {
			isa = PBXGroup;
			children = (
				63BC32AA1E97611E00594E42 /* TravelCompany */,
				63BC32A91E97611E00594E42 /* Products */,
				63BC32C21E9761FC00594E42 /* Frameworks */,
			);
			sourceTree = "<group>";
		};
		63BC32A91E97611E00594E42 /* Products */ = {
			isa = PBXGroup;
			children = (
				63BC32A81E97611E00594E42 /* TravelCompany.app */,
			);
			name = Products;
			sourceTree = "<group>";
		};
		63BC32AA1E97611E00594E42 /* TravelCompany */ = {
			isa = PBXGroup;
			children = (
				63BC32AE1E97611E00594E42 /* AppDelegate.h */,
				63BC32AF1E97611E00594E42 /* AppDelegate.m */,
				63BC32B11E97611F00594E42 /* ViewController.h */,
				63BC32B21E97611F00594E42 /* ViewController.m */,
				6B5BE32C1E9B90A900B68D11 /* firstViewController.h */,
				6B5BE32D1E9B90A900B68D11 /* firstViewController.m */,
				63BC32C81E976A0700594E42 /* secondViewController.h */,
				63BC32C91E976A0700594E42 /* secondViewController.m */,
				630099861E9CD8F500F86298 /* thirdViewController.h */,
				630099871E9CD8F500F86298 /* thirdViewController.m */,
				6300998C1E9CF3FD00F86298 /* fourthViewController.h */,
				6300998D1E9CF3FD00F86298 /* fourthViewController.m */,
				63BC32C51E97622700594E42 /* DatabaseLib.h */,
				63BC32C61E97622700594E42 /* DatabaseLib.m */,
				63BC32B41E97612000594E42 /* Main.storyboard */,
				63BC32CB1E97889C00594E42 /* myTableCell.h */,
				63BC32CC1E97889C00594E42 /* myTableCell.m */,
				630099891E9CE42000F86298 /* bookTableCell.h */,
				6300998A1E9CE42000F86298 /* bookTableCell.m */,
				63BC32B71E97612000594E42 /* Assets.xcassets */,
				63BC32B91E97612100594E42 /* LaunchScreen.storyboard */,
				63BC32BC1E97612100594E42 /* Info.plist */,
				63BC32AB1E97611E00594E42 /* Supporting Files */,
			);
			path = TravelCompany;
			sourceTree = "<group>";
		};
		63BC32AB1E97611E00594E42 /* Supporting Files */ = {
			isa = PBXGroup;
			children = (
				63BC32AC1E97611E00594E42 /* main.m */,
			);
			name = "Supporting Files";
			sourceTree = "<group>";
		};
		63BC32C21E9761FC00594E42 /* Frameworks */ = {
			isa = PBXGroup;
			children = (
				63BC32C31E9761FD00594E42 /* libsqlite3.0.tbd */,
			);
			name = Frameworks;
			sourceTree = "<group>";
		};
/* End PBXGroup section */

/* Begin PBXNativeTarget section */
		63BC32A71E97611D00594E42 /* TravelCompany */ = {
			isa = PBXNativeTarget;
			buildConfigurationList = 63BC32BF1E97612100594E42 /* Build configuration list for PBXNativeTarget "TravelCompany" */;
			buildPhases = (
				63BC32A41E97611D00594E42 /* Sources */,
				63BC32A51E97611D00594E42 /* Frameworks */,
				63BC32A61E97611D00594E42 /* Resources */,
			);
			buildRules = (
			);
			dependencies = (
			);
			name = TravelCompany;
			productName = TravelCompany;
			productReference = 63BC32A81E97611E00594E42 /* TravelCompany.app */;
			productType = "com.apple.product-type.application";
		};
/* End PBXNativeTarget section */

/* Begin PBXProject section */
		63BC32A01E97611C00594E42 /* Project object */ = {
			isa = PBXProject;
			attributes = {
				LastUpgradeCheck = 0820;
				ORGANIZATIONNAME = Felix;
				TargetAttributes = {
					63BC32A71E97611D00594E42 = {
						CreatedOnToolsVersion = 8.2;
						ProvisioningStyle = Automatic;
					};
				};
			};
			buildConfigurationList = 63BC32A31E97611D00594E42 /* Build configuration list for PBXProject "TravelCompany" */;
			compatibilityVersion = "Xcode 3.2";
			developmentRegion = English;
			hasScannedForEncodings = 0;
			knownRegions = (
				en,
				Base,
			);
			mainGroup = 63BC329F1E97611B00594E42;
			productRefGroup = 63BC32A91E97611E00594E42 /* Products */;
			projectDirPath = "";
			projectRoot = "";
			targets = (
				63BC32A71E97611D00594E42 /* TravelCompany */,
			);
		};
/* End PBXProject section */

/* Begin PBXResourcesBuildPhase section */
		63BC32A61E97611D00594E42 /* Resources */ = {
			isa = PBXResourcesBuildPhase;
			buildActionMask = 2147483647;
			files = (
				63BC32BB1E97612100594E42 /* LaunchScreen.storyboard in Resources */,
				63BC32B81E97612000594E42 /* Assets.xcassets in Resources */,
				63BC32B61E97612000594E42 /* Main.storyboard in Resources */,
			);
			runOnlyForDeploymentPostprocessing = 0;
		};
/* End PBXResourcesBuildPhase section */

/* Begin PBXSourcesBuildPhase section */
		63BC32A41E97611D00594E42 /* Sources */ = {
			isa = PBXSourcesBuildPhase;
			buildActionMask = 2147483647;
			files = (
				63BC32CD1E97889C00594E42 /* myTableCell.m in Sources */,
				63BC32C71E97622700594E42 /* DatabaseLib.m in Sources */,
				630099881E9CD8F500F86298 /* thirdViewController.m in Sources */,
				63BC32B31E97611F00594E42 /* ViewController.m in Sources */,
				6300998E1E9CF3FD00F86298 /* fourthViewController.m in Sources */,
				6B5BE32E1E9B90A900B68D11 /* firstViewController.m in Sources */,
				63BC32B01E97611E00594E42 /* AppDelegate.m in Sources */,
				6300998B1E9CE42000F86298 /* bookTableCell.m in Sources */,
				63BC32AD1E97611E00594E42 /* main.m in Sources */,
				63BC32CA1E976A0700594E42 /* secondViewController.m in Sources */,
			);
			runOnlyForDeploymentPostprocessing = 0;
		};
/* End PBXSourcesBuildPhase section */

/* Begin PBXVariantGroup section */
		63BC32B41E97612000594E42 /* Main.storyboard */ = {
			isa = PBXVariantGroup;
			children = (
				63BC32B51E97612000594E42 /* Base */,
			);
			name = Main.storyboard;
			sourceTree = "<group>";
		};
		63BC32B91E97612100594E42 /* LaunchScreen.storyboard */ = {
			isa = PBXVariantGroup;
			children = (
				63BC32BA1E97612100594E42 /* Base */,
			);
			name = LaunchScreen.storyboard;
			sourceTree = "<group>";
		};
/* End PBXVariantGroup section */

/* Begin XCBuildConfiguration section */
		63BC32BD1E97612100594E42 /* Debug */ = {
			isa = XCBuildConfiguration;
			buildSettings = {
				ALWAYS_SEARCH_USER_PATHS = NO;
				CLANG_ANALYZER_NONNULL = YES;
				CLANG_CXX_LANGUAGE_STANDARD = "gnu++0x";
				CLANG_CXX_LIBRARY = "libc++";
				CLANG_ENABLE_MODULES = YES;
				CLANG_ENABLE_OBJC_ARC = YES;
				CLANG_WARN_BOOL_CONVERSION = YES;
				CLANG_WARN_CONSTANT_CONVERSION = YES;
				CLANG_WARN_DIRECT_OBJC_ISA_USAGE = YES_ERROR;
				CLANG_WARN_DOCUMENTATION_COMMENTS = YES;
				CLANG_WARN_EMPTY_BODY = YES;
				CLANG_WARN_ENUM_CONVERSION = YES;
				CLANG_WARN_INFINITE_RECURSION = YES;
				CLANG_WARN_INT_CONVERSION = YES;
				CLANG_WARN_OBJC_ROOT_CLASS = YES_ERROR;
				CLANG_WARN_SUSPICIOUS_MOVE = YES;
				CLANG_WARN_UNREACHABLE_CODE = YES;
				CLANG_WARN__DUPLICATE_METHOD_MATCH = YES;
				"CODE_SIGN_IDENTITY[sdk=iphoneos*]" = "iPhone Developer";
				COPY_PHASE_STRIP = NO;
				DEBUG_INFORMATION_FORMAT = dwarf;
				ENABLE_STRICT_OBJC_MSGSEND = YES;
				ENABLE_TESTABILITY = YES;
				GCC_C_LANGUAGE_STANDARD = gnu99;
				GCC_DYNAMIC_NO_PIC = NO;
				GCC_NO_COMMON_BLOCKS = YES;
				GCC_OPTIMIZATION_LEVEL = 0;
				GCC_PREPROCESSOR_DEFINITIONS = (
					"DEBUG=1",
					"$(inherited)",
				);
				GCC_WARN_64_TO_32_BIT_CONVERSION = YES;
				GCC_WARN_ABOUT_RETURN_TYPE = YES_ERROR;
				GCC_WARN_UNDECLARED_SELECTOR = YES;
				GCC_WARN_UNINITIALIZED_AUTOS = YES_AGGRESSIVE;
				GCC_WARN_UNUSED_FUNCTION = YES;
				GCC_WARN_UNUSED_VARIABLE = YES;
				IPHONEOS_DEPLOYMENT_TARGET = 10.2;
				MTL_ENABLE_DEBUG_INFO = YES;
				ONLY_ACTIVE_ARCH = YES;
				SDKROOT = iphoneos;
				TARGETED_DEVICE_FAMILY = "1,2";
			};
			name = Debug;
		};
		63BC32BE1E97612100594E42 /* Release */ = {
			isa = XCBuildConfiguration;
			buildSettings = {
				ALWAYS_SEARCH_USER_PATHS = NO;
				CLANG_ANALYZER_NONNULL = YES;
				CLANG_CXX_LANGUAGE_STANDARD = "gnu++0x";
				CLANG_CXX_LIBRARY = "libc++";
				CLANG_ENABLE_MODULES = YES;
				CLANG_ENABLE_OBJC_ARC = YES;
				CLANG_WARN_BOOL_CONVERSION = YES;
				CLANG_WARN_CONSTANT_CONVERSION = YES;
				CLANG_WARN_DIRECT_OBJC_ISA_USAGE = YES_ERROR;
				CLANG_WARN_DOCUMENTATION_COMMENTS = YES;
				CLANG_WARN_EMPTY_BODY = YES;
				CLANG_WARN_ENUM_CONVERSION = YES;
				CLANG_WARN_INFINITE_RECURSION = YES;
				CLANG_WARN_INT_CONVERSION = YES;
				CLANG_WARN_OBJC_ROOT_CLASS = YES_ERROR;
				CLANG_WARN_SUSPICIOUS_MOVE = YES;
				CLANG_WARN_UNREACHABLE_CODE = YES;
				CLANG_WARN__DUPLICATE_METHOD_MATCH = YES;
				"CODE_SIGN_IDENTITY[sdk=iphoneos*]" = "iPhone Developer";
				COPY_PHASE_STRIP = NO;
				DEBUG_INFORMATION_FORMAT = "dwarf-with-dsym";
				ENABLE_NS_ASSERTIONS = NO;
				ENABLE_STRICT_OBJC_MSGSEND = YES;
				GCC_C_LANGUAGE_STANDARD = gnu99;
				GCC_NO_COMMON_BLOCKS = YES;
				GCC_WARN_64_TO_32_BIT_CONVERSION = YES;
				GCC_WARN_ABOUT_RETURN_TYPE = YES_ERROR;
				GCC_WARN_UNDECLARED_SELECTOR = YES;
				GCC_WARN_UNINITIALIZED_AUTOS = YES_AGGRESSIVE;
				GCC_WARN_UNUSED_FUNCTION = YES;
				GCC_WARN_UNUSED_VARIABLE = YES;
				IPHONEOS_DEPLOYMENT_TARGET = 10.2;
				MTL_ENABLE_DEBUG_INFO = NO;
				SDKROOT = iphoneos;
				TARGETED_DEVICE_FAMILY = "1,2";
				VALIDATE_PRODUCT = YES;
			};
			name = Release;
		};
		63BC32C01E97612100594E42 /* Debug */ = {
			isa = XCBuildConfiguration;
			buildSettings = {
				ASSETCATALOG_COMPILER_APPICON_NAME = AppIcon;
				INFOPLIST_FILE = TravelCompany/Info.plist;
				LD_RUNPATH_SEARCH_PATHS = "$(inherited) @executable_path/Frameworks";
				PRODUCT_BUNDLE_IDENTIFIER = com.felix.TravelCompany;
				PRODUCT_NAME = "$(TARGET_NAME)";
			};
			name = Debug;
		};
		63BC32C11E97612100594E42 /* Release */ = {
			isa = XCBuildConfiguration;
			buildSettings = {
				ASSETCATALOG_COMPILER_APPICON_NAME = AppIcon;
				INFOPLIST_FILE = TravelCompany/Info.plist;
				LD_RUNPATH_SEARCH_PATHS = "$(inherited) @executable_path/Frameworks";
				PRODUCT_BUNDLE_IDENTIFIER = com.felix.TravelCompany;
				PRODUCT_NAME = "$(TARGET_NAME)";
			};
			name = Release;
		};
/* End XCBuildConfiguration section */

/* Begin XCConfigurationList section */
		63BC32A31E97611D00594E42 /* Build configuration list for PBXProject "TravelCompany" */ = {
			isa = XCConfigurationList;
			buildConfigurations = (
				63BC32BD1E97612100594E42 /* Debug */,
				63BC32BE1E97612100594E42 /* Release */,
			);
			defaultConfigurationIsVisible = 0;
			defaultConfigurationName = Release;
		};
		63BC32BF1E97612100594E42 /* Build configuration list for PBXNativeTarget "TravelCompany" */ = {
			isa = XCConfigurationList;
			buildConfigurations = (
				63BC32C01E97612100594E42 /* Debug */,
				63BC32C11E97612100594E42 /* Release */,
			);
			defaultConfigurationIsVisible = 0;
			defaultConfigurationName = Release;
		};
/* End XCConfigurationList section */
	};
	rootObject = 63BC32A01E97611C00594E42 /* Project object */;
}
